
Microsoft Visual Studio Solution File, Format Version 12.00
# Visual Studio Version 17
VisualStudioVersion = 17.11.35222.181
MinimumVisualStudioVersion = 10.0.40219.1
Project("{FAE04EC0-301F-11D3-BF4B-00C04F79EFBC}") = "OS08-02", "OS08-02\OS08-02.csproj", "{CFF7B611-817C-42DE-899F-0FA4D37EA3A5}"
EndProject
Global
	GlobalSection(SolutionConfigurationPlatforms) = preSolution
		Debug|Any CPU = Debug|Any CPU
		Release|Any CPU = Release|Any CPU
	EndGlobalSection
	GlobalSection(ProjectConfigurationPlatforms) = postSolution
		{CFF7B611-817C-42DE-899F-0FA4D37EA3A5}.Debug|Any CPU.ActiveCfg = Debug|Any CPU
		{CFF7B611-817C-42DE-899F-0FA4D37EA3A5}.Debug|Any CPU.Build.0 = Debug|Any CPU
		{CFF7B611-817C-42DE-899F-0FA4D37EA3A5}.Release|Any CPU.ActiveCfg = Release|Any CPU
		{CFF7B611-817C-42DE-899F-0FA4D37EA3A5}.Release|Any CPU.Build.0 = Release|Any CPU
	EndGlobalSection
	GlobalSection(SolutionProperties) = preSolution
		HideSolutionNode = FALSE
	EndGlobalSection
	GlobalSection(ExtensibilityGlobals) = postSolution
		SolutionGuid = {4695BF86-8F74-4904-A1E2-909FB213D786}
	EndGlobalSection
EndGlobal
