
Microsoft Visual Studio Solution File, Format Version 12.00
# Visual Studio Version 17
VisualStudioVersion = 17.11.35222.181
MinimumVisualStudioVersion = 10.0.40219.1
Project("{8BC9CEB8-8B4A-11D0-8D11-00A0C91BC942}") = "OS09-01", "OS09-01\OS09-01.vcxproj", "{44706A21-9028-4513-BA9F-FCC5BE616145}"
EndProject
Project("{8BC9CEB8-8B4A-11D0-8D11-00A0C91BC942}") = "OS09-02", "OS09-02\OS09-02.vcxproj", "{CAF5AEEE-4046-4293-93A3-0E8B8854A945}"
EndProject
Project("{8BC9CEB8-8B4A-11D0-8D11-00A0C91BC942}") = "OS09-03", "OS09-03\OS09-03.vcxproj", "{9B69F9A2-CCDC-4C01-A90C-DDAD1E708A9B}"
EndProject
Project("{8BC9CEB8-8B4A-11D0-8D11-00A0C91BC942}") = "OS09-04", "OS09-04\OS09-04.vcxproj", "{0166DCBC-6A06-42CE-A0F5-F35C6B965C4D}"
EndProject
Global
	GlobalSection(SolutionConfigurationPlatforms) = preSolution
		Debug|x64 = Debug|x64
		Debug|x86 = Debug|x86
		Release|x64 = Release|x64
		Release|x86 = Release|x86
	EndGlobalSection
	GlobalSection(ProjectConfigurationPlatforms) = postSolution
		{44706A21-9028-4513-BA9F-FCC5BE616145}.Debug|x64.ActiveCfg = Debug|x64
		{44706A21-9028-4513-BA9F-FCC5BE616145}.Debug|x64.Build.0 = Debug|x64
		{44706A21-9028-4513-BA9F-FCC5BE616145}.Debug|x86.ActiveCfg = Debug|Win32
		{44706A21-9028-4513-BA9F-FCC5BE616145}.Debug|x86.Build.0 = Debug|Win32
		{44706A21-9028-4513-BA9F-FCC5BE616145}.Release|x64.ActiveCfg = Release|x64
		{44706A21-9028-4513-BA9F-FCC5BE616145}.Release|x64.Build.0 = Release|x64
		{44706A21-9028-4513-BA9F-FCC5BE616145}.Release|x86.ActiveCfg = Release|Win32
		{44706A21-9028-4513-BA9F-FCC5BE616145}.Release|x86.Build.0 = Release|Win32
		{CAF5AEEE-4046-4293-93A3-0E8B8854A945}.Debug|x64.ActiveCfg = Debug|x64
		{CAF5AEEE-4046-4293-93A3-0E8B8854A945}.Debug|x64.Build.0 = Debug|x64
		{CAF5AEEE-4046-4293-93A3-0E8B8854A945}.Debug|x86.ActiveCfg = Debug|Win32
		{CAF5AEEE-4046-4293-93A3-0E8B8854A945}.Debug|x86.Build.0 = Debug|Win32
		{CAF5AEEE-4046-4293-93A3-0E8B8854A945}.Release|x64.ActiveCfg = Release|x64
		{CAF5AEEE-4046-4293-93A3-0E8B8854A945}.Release|x64.Build.0 = Release|x64
		{CAF5AEEE-4046-4293-93A3-0E8B8854A945}.Release|x86.ActiveCfg = Release|Win32
		{CAF5AEEE-4046-4293-93A3-0E8B8854A945}.Release|x86.Build.0 = Release|Win32
		{9B69F9A2-CCDC-4C01-A90C-DDAD1E708A9B}.Debug|x64.ActiveCfg = Debug|x64
		{9B69F9A2-CCDC-4C01-A90C-DDAD1E708A9B}.Debug|x64.Build.0 = Debug|x64
		{9B69F9A2-CCDC-4C01-A90C-DDAD1E708A9B}.Debug|x86.ActiveCfg = Debug|Win32
		{9B69F9A2-CCDC-4C01-A90C-DDAD1E708A9B}.Debug|x86.Build.0 = Debug|Win32
		{9B69F9A2-CCDC-4C01-A90C-DDAD1E708A9B}.Release|x64.ActiveCfg = Release|x64
		{9B69F9A2-CCDC-4C01-A90C-DDAD1E708A9B}.Release|x64.Build.0 = Release|x64
		{9B69F9A2-CCDC-4C01-A90C-DDAD1E708A9B}.Release|x86.ActiveCfg = Release|Win32
		{9B69F9A2-CCDC-4C01-A90C-DDAD1E708A9B}.Release|x86.Build.0 = Release|Win32
		{0166DCBC-6A06-42CE-A0F5-F35C6B965C4D}.Debug|x64.ActiveCfg = Debug|x64
		{0166DCBC-6A06-42CE-A0F5-F35C6B965C4D}.Debug|x64.Build.0 = Debug|x64
		{0166DCBC-6A06-42CE-A0F5-F35C6B965C4D}.Debug|x86.ActiveCfg = Debug|Win32
		{0166DCBC-6A06-42CE-A0F5-F35C6B965C4D}.Debug|x86.Build.0 = Debug|Win32
		{0166DCBC-6A06-42CE-A0F5-F35C6B965C4D}.Release|x64.ActiveCfg = Release|x64
		{0166DCBC-6A06-42CE-A0F5-F35C6B965C4D}.Release|x64.Build.0 = Release|x64
		{0166DCBC-6A06-42CE-A0F5-F35C6B965C4D}.Release|x86.ActiveCfg = Release|Win32
		{0166DCBC-6A06-42CE-A0F5-F35C6B965C4D}.Release|x86.Build.0 = Release|Win32
	EndGlobalSection
	GlobalSection(SolutionProperties) = preSolution
		HideSolutionNode = FALSE
	EndGlobalSection
	GlobalSection(ExtensibilityGlobals) = postSolution
		SolutionGuid = {B25F60A9-A7E4-4E6A-9A15-DD4CCC79FDDE}
	EndGlobalSection
EndGlobal
