
Microsoft Visual Studio Solution File, Format Version 12.00
# Visual Studio Version 17
VisualStudioVersion = 17.11.35222.181
MinimumVisualStudioVersion = 10.0.40219.1
Project("{FAE04EC0-301F-11D3-BF4B-00C04F79EFBC}") = "OS04-05", "OS04-05\OS04-05.csproj", "{5F1A722C-3D7A-4192-80BF-DDB30BDF65A2}"
EndProject
Global
	GlobalSection(SolutionConfigurationPlatforms) = preSolution
		Debug|Any CPU = Debug|Any CPU
		Release|Any CPU = Release|Any CPU
	EndGlobalSection
	GlobalSection(ProjectConfigurationPlatforms) = postSolution
		{5F1A722C-3D7A-4192-80BF-DDB30BDF65A2}.Debug|Any CPU.ActiveCfg = Debug|Any CPU
		{5F1A722C-3D7A-4192-80BF-DDB30BDF65A2}.Debug|Any CPU.Build.0 = Debug|Any CPU
		{5F1A722C-3D7A-4192-80BF-DDB30BDF65A2}.Release|Any CPU.ActiveCfg = Release|Any CPU
		{5F1A722C-3D7A-4192-80BF-DDB30BDF65A2}.Release|Any CPU.Build.0 = Release|Any CPU
	EndGlobalSection
	GlobalSection(SolutionProperties) = preSolution
		HideSolutionNode = FALSE
	EndGlobalSection
	GlobalSection(ExtensibilityGlobals) = postSolution
		SolutionGuid = {782F465C-5D3C-4325-99A4-72C35F39220F}
	EndGlobalSection
EndGlobal
