
Microsoft Visual Studio Solution File, Format Version 12.00
# Visual Studio Version 17
VisualStudioVersion = 17.11.35222.181
MinimumVisualStudioVersion = 10.0.40219.1
Project("{FAE04EC0-301F-11D3-BF4B-00C04F79EFBC}") = "OS04-07", "OS04-07\OS04-07.csproj", "{ACD28B72-11AC-4B9B-867A-0F5DD1446AE7}"
EndProject
Global
	GlobalSection(SolutionConfigurationPlatforms) = preSolution
		Debug|Any CPU = Debug|Any CPU
		Release|Any CPU = Release|Any CPU
	EndGlobalSection
	GlobalSection(ProjectConfigurationPlatforms) = postSolution
		{ACD28B72-11AC-4B9B-867A-0F5DD1446AE7}.Debug|Any CPU.ActiveCfg = Debug|Any CPU
		{ACD28B72-11AC-4B9B-867A-0F5DD1446AE7}.Debug|Any CPU.Build.0 = Debug|Any CPU
		{ACD28B72-11AC-4B9B-867A-0F5DD1446AE7}.Release|Any CPU.ActiveCfg = Release|Any CPU
		{ACD28B72-11AC-4B9B-867A-0F5DD1446AE7}.Release|Any CPU.Build.0 = Release|Any CPU
	EndGlobalSection
	GlobalSection(SolutionProperties) = preSolution
		HideSolutionNode = FALSE
	EndGlobalSection
	GlobalSection(ExtensibilityGlobals) = postSolution
		SolutionGuid = {65F7101F-6F97-4810-BA52-C7FABA5474CC}
	EndGlobalSection
EndGlobal
